
Microsoft Visual Studio Solution File, Format Version 12.00
# Visual Studio Version 17
VisualStudioVersion = 17.14.36414.22 d17.14
MinimumVisualStudioVersion = 10.0.40219.1
Project("{2150E333-8FDC-42A3-9474-1A3956D46DE8}") = "src", "src", "{02EA681E-C7D8-13C7-8484-4AC65E1B71E8}"
EndProject
Project("{2150E333-8FDC-42A3-9474-1A3956D46DE8}") = "services", "services", "{6CAA421C-5EF0-4780-8C9D-129CA67152CD}"
EndProject
Project("{FAE04EC0-301F-11D3-BF4B-00C04F79EFBC}") = "Contracts", "Contracts\Contracts.csproj", "{B9F72BBF-7C73-4765-94FF-83A624FD5FC5}"
EndProject
Project("{2150E333-8FDC-42A3-9474-1A3956D46DE8}") = "Customers", "Customers", "{1581957B-6F72-4DC8-B21C-A311229CBCE0}"
EndProject
Project("{2150E333-8FDC-42A3-9474-1A3956D46DE8}") = "Products", "Products", "{682B038A-7F7B-4CD5-8C25-3BC6A9A4D2CB}"
EndProject
Project("{FAE04EC0-301F-11D3-BF4B-00C04F79EFBC}") = "ClientGateway", "ClientGateway\ClientGateway.csproj", "{18BF00F4-EE19-4413-B043-54DE6B28D54A}"
EndProject
Project("{2150E333-8FDC-42A3-9474-1A3956D46DE8}") = "Customers.Api", "Customers.Api", "{0143C643-0274-408F-B345-20B60547038C}"
EndProject
Project("{2150E333-8FDC-42A3-9474-1A3956D46DE8}") = "Customers.Aplication", "Customers.Aplication", "{F26FFD94-970C-4766-B7CB-D0C018C17A6A}"
EndProject
Project("{2150E333-8FDC-42A3-9474-1A3956D46DE8}") = "Customers.Domain", "Customers.Domain", "{47F42347-9F87-4320-8EC6-8AC4C14BDB12}"
EndProject
Project("{2150E333-8FDC-42A3-9474-1A3956D46DE8}") = "Customers.Infraestructure", "Customers.Infraestructure", "{71AC24DE-0763-41F5-ABFA-14A42A72FB07}"
EndProject
Project("{2150E333-8FDC-42A3-9474-1A3956D46DE8}") = "Products.Api", "Products.Api", "{5FAED65C-96F7-4266-A86A-B49B8E7BB6B0}"
EndProject
Project("{2150E333-8FDC-42A3-9474-1A3956D46DE8}") = "Products.Aplication", "Products.Aplication", "{CEB10C49-5761-4281-86D7-9E8C89BA0F8F}"
EndProject
Project("{2150E333-8FDC-42A3-9474-1A3956D46DE8}") = "Products.Domain", "Products.Domain", "{93BC305D-415D-468C-8BFC-F891C21A2460}"
EndProject
Project("{2150E333-8FDC-42A3-9474-1A3956D46DE8}") = "Products.Infraestructure", "Products.Infraestructure", "{FE237E09-CC54-41E6-9D66-819103C60007}"
EndProject
Project("{2150E333-8FDC-42A3-9474-1A3956D46DE8}") = "Elementos de la solución", "Elementos de la solución", "{D107F4C8-89CC-BEA8-D3D7-CA6B7733353D}"
	ProjectSection(SolutionItems) = preProject
		.gitignore = .gitignore
	EndProjectSection
EndProject
Global
	GlobalSection(SolutionConfigurationPlatforms) = preSolution
		Debug|Any CPU = Debug|Any CPU
		Release|Any CPU = Release|Any CPU
	EndGlobalSection
	GlobalSection(ProjectConfigurationPlatforms) = postSolution
		{B9F72BBF-7C73-4765-94FF-83A624FD5FC5}.Debug|Any CPU.ActiveCfg = Debug|Any CPU
		{B9F72BBF-7C73-4765-94FF-83A624FD5FC5}.Debug|Any CPU.Build.0 = Debug|Any CPU
		{B9F72BBF-7C73-4765-94FF-83A624FD5FC5}.Release|Any CPU.ActiveCfg = Release|Any CPU
		{B9F72BBF-7C73-4765-94FF-83A624FD5FC5}.Release|Any CPU.Build.0 = Release|Any CPU
		{18BF00F4-EE19-4413-B043-54DE6B28D54A}.Debug|Any CPU.ActiveCfg = Debug|Any CPU
		{18BF00F4-EE19-4413-B043-54DE6B28D54A}.Debug|Any CPU.Build.0 = Debug|Any CPU
		{18BF00F4-EE19-4413-B043-54DE6B28D54A}.Release|Any CPU.ActiveCfg = Release|Any CPU
		{18BF00F4-EE19-4413-B043-54DE6B28D54A}.Release|Any CPU.Build.0 = Release|Any CPU
	EndGlobalSection
	GlobalSection(SolutionProperties) = preSolution
		HideSolutionNode = FALSE
	EndGlobalSection
	GlobalSection(NestedProjects) = preSolution
		{6CAA421C-5EF0-4780-8C9D-129CA67152CD} = {02EA681E-C7D8-13C7-8484-4AC65E1B71E8}
		{B9F72BBF-7C73-4765-94FF-83A624FD5FC5} = {02EA681E-C7D8-13C7-8484-4AC65E1B71E8}
		{1581957B-6F72-4DC8-B21C-A311229CBCE0} = {6CAA421C-5EF0-4780-8C9D-129CA67152CD}
		{682B038A-7F7B-4CD5-8C25-3BC6A9A4D2CB} = {6CAA421C-5EF0-4780-8C9D-129CA67152CD}
		{18BF00F4-EE19-4413-B043-54DE6B28D54A} = {02EA681E-C7D8-13C7-8484-4AC65E1B71E8}
		{0143C643-0274-408F-B345-20B60547038C} = {1581957B-6F72-4DC8-B21C-A311229CBCE0}
		{F26FFD94-970C-4766-B7CB-D0C018C17A6A} = {1581957B-6F72-4DC8-B21C-A311229CBCE0}
		{47F42347-9F87-4320-8EC6-8AC4C14BDB12} = {1581957B-6F72-4DC8-B21C-A311229CBCE0}
		{71AC24DE-0763-41F5-ABFA-14A42A72FB07} = {1581957B-6F72-4DC8-B21C-A311229CBCE0}
		{5FAED65C-96F7-4266-A86A-B49B8E7BB6B0} = {682B038A-7F7B-4CD5-8C25-3BC6A9A4D2CB}
		{CEB10C49-5761-4281-86D7-9E8C89BA0F8F} = {682B038A-7F7B-4CD5-8C25-3BC6A9A4D2CB}
		{93BC305D-415D-468C-8BFC-F891C21A2460} = {682B038A-7F7B-4CD5-8C25-3BC6A9A4D2CB}
		{FE237E09-CC54-41E6-9D66-819103C60007} = {682B038A-7F7B-4CD5-8C25-3BC6A9A4D2CB}
	EndGlobalSection
	GlobalSection(ExtensibilityGlobals) = postSolution
		SolutionGuid = {8D04BC39-D5EB-4D0E-B957-058DA57A67FC}
	EndGlobalSection
EndGlobal
